
Microsoft Visual Studio Solution File, Format Version 12.00
# Visual Studio 15
VisualStudioVersion = 15.0.28010.2046
MinimumVisualStudioVersion = 10.0.40219.1
Project("{FAE04EC0-301F-11D3-BF4B-00C04F79EFBC}") = "sonda_course", "sonda_course\sonda_course.csproj", "{8801F228-E010-46AD-997F-BBDBFDD0C404}"
EndProject
Global
	GlobalSection(SolutionConfigurationPlatforms) = preSolution
		Debug|Any CPU = Debug|Any CPU
		Release|Any CPU = Release|Any CPU
	EndGlobalSection
	GlobalSection(ProjectConfigurationPlatforms) = postSolution
		{8801F228-E010-46AD-997F-BBDBFDD0C404}.Debug|Any CPU.ActiveCfg = Debug|Any CPU
		{8801F228-E010-46AD-997F-BBDBFDD0C404}.Debug|Any CPU.Build.0 = Debug|Any CPU
		{8801F228-E010-46AD-997F-BBDBFDD0C404}.Release|Any CPU.ActiveCfg = Release|Any CPU
		{8801F228-E010-46AD-997F-BBDBFDD0C404}.Release|Any CPU.Build.0 = Release|Any CPU
	EndGlobalSection
	GlobalSection(SolutionProperties) = preSolution
		HideSolutionNode = FALSE
	EndGlobalSection
	GlobalSection(ExtensibilityGlobals) = postSolution
		SolutionGuid = {2FEE89A9-4486-426B-B156-10B43C5B21B3}
	EndGlobalSection
EndGlobal
